
Microsoft Visual Studio Solution File, Format Version 12.00
# Visual Studio 15
VisualStudioVersion = 15.0.27703.2000
MinimumVisualStudioVersion = 10.0.40219.1
Project("{FAE04EC0-301F-11D3-BF4B-00C04F79EFBC}") = "Grades", "Grades\Grades.csproj", "{BDD240B2-10E7-41CA-BED7-0EB7B433827C}"
EndProject
Project("{FAE04EC0-301F-11D3-BF4B-00C04F79EFBC}") = "Grades.Tests", "Grades.Tests\Grades.Tests.csproj", "{839B43AC-DE71-4E69-8B3A-8EAF61673440}"
EndProject
Global
	GlobalSection(SolutionConfigurationPlatforms) = preSolution
		Debug|Any CPU = Debug|Any CPU
		Release|Any CPU = Release|Any CPU
	EndGlobalSection
	GlobalSection(ProjectConfigurationPlatforms) = postSolution
		{BDD240B2-10E7-41CA-BED7-0EB7B433827C}.Debug|Any CPU.ActiveCfg = Debug|Any CPU
		{BDD240B2-10E7-41CA-BED7-0EB7B433827C}.Debug|Any CPU.Build.0 = Debug|Any CPU
		{BDD240B2-10E7-41CA-BED7-0EB7B433827C}.Release|Any CPU.ActiveCfg = Release|Any CPU
		{BDD240B2-10E7-41CA-BED7-0EB7B433827C}.Release|Any CPU.Build.0 = Release|Any CPU
		{839B43AC-DE71-4E69-8B3A-8EAF61673440}.Debug|Any CPU.ActiveCfg = Debug|Any CPU
		{839B43AC-DE71-4E69-8B3A-8EAF61673440}.Debug|Any CPU.Build.0 = Debug|Any CPU
		{839B43AC-DE71-4E69-8B3A-8EAF61673440}.Release|Any CPU.ActiveCfg = Release|Any CPU
		{839B43AC-DE71-4E69-8B3A-8EAF61673440}.Release|Any CPU.Build.0 = Release|Any CPU
	EndGlobalSection
	GlobalSection(SolutionProperties) = preSolution
		HideSolutionNode = FALSE
	EndGlobalSection
	GlobalSection(ExtensibilityGlobals) = postSolution
		SolutionGuid = {76A6C883-3E47-449E-A3D8-763A8984180F}
	EndGlobalSection
EndGlobal
